
Microsoft Visual Studio Solution File, Format Version 12.00
# Visual Studio 15
VisualStudioVersion = 15.0.27004.2002
MinimumVisualStudioVersion = 10.0.40219.1
Project("{FAE04EC0-301F-11D3-BF4B-00C04F79EFBC}") = "HelloWorld", "HelloWorld\HelloWorld.csproj", "{E0067605-0ED0-4E3D-BAE6-E458B7BF53AF}"
EndProject
Global
	GlobalSection(SolutionConfigurationPlatforms) = preSolution
		Debug|Any CPU = Debug|Any CPU
		Release|Any CPU = Release|Any CPU
	EndGlobalSection
	GlobalSection(ProjectConfigurationPlatforms) = postSolution
		{E0067605-0ED0-4E3D-BAE6-E458B7BF53AF}.Debug|Any CPU.ActiveCfg = Debug|Any CPU
		{E0067605-0ED0-4E3D-BAE6-E458B7BF53AF}.Debug|Any CPU.Build.0 = Debug|Any CPU
		{E0067605-0ED0-4E3D-BAE6-E458B7BF53AF}.Release|Any CPU.ActiveCfg = Release|Any CPU
		{E0067605-0ED0-4E3D-BAE6-E458B7BF53AF}.Release|Any CPU.Build.0 = Release|Any CPU
	EndGlobalSection
	GlobalSection(SolutionProperties) = preSolution
		HideSolutionNode = FALSE
	EndGlobalSection
	GlobalSection(ExtensibilityGlobals) = postSolution
		SolutionGuid = {6A629C10-77A1-4A73-8314-356B35748E82}
	EndGlobalSection
EndGlobal
